<Solution>
  <Folder Name="/Solution Items/">
    <File Path="README.md" />
  </Folder>
  <Project Path="MigraDocCore.AotSmokeTest/MigraDocCore.AotSmokeTest.csproj" />
  <Project Path="MigraDocCore.DocumentObjectModel/MigraDocCore.DocumentObjectModel.csproj" />
  <Project Path="MigraDocCore.DocumentObjectModel.Tests/MigraDocCore.DocumentObjectModel.Tests.csproj" />
  <Project Path="MigraDocCore.DocumentObjectModel.Generators/MigraDocCore.DocumentObjectModel.Generators.csproj" />
  <Project Path="MigraDocCore.DocumentObjectModel.Generators.Tests/MigraDocCore.DocumentObjectModel.Generators.Tests.csproj" />
  <Project Path="MigraDocCore.Rendering/MigraDocCore.Rendering.csproj" />
  <Project Path="MigraDocCore.Rendering.Tests/MigraDocCore.Rendering.Tests.csproj" />
  <Project Path="PdfSharpCore.Charting/PdfSharpCore.Charting.csproj" />
  <Project Path="PdfSharpCore.Charting.Tests/PdfSharpCore.Charting.Tests.csproj" />
  <Project Path="PdfSharpCore.HarfBuzz/PdfSharpCore.HarfBuzz.csproj" />
  <Project Path="PdfSharpCore.ImageSharp/PdfSharpCore.ImageSharp.csproj" />
  <Project Path="PdfSharpCore.Signing/PdfSharpCore.Signing.csproj" />
  <Project Path="PdfSharpCore.Skia/PdfSharpCore.Skia.csproj" />
  <Project Path="PdfSharpCore.Test/PdfSharpCore.Test.csproj" />
  <Project Path="PdfSharpCore/PdfSharpCore.csproj" />
  <Project Path="SampleApp/SampleApp.csproj" />
</Solution>
